Microsoft Visual Studio Solution File, Format Version 12.00
# Visual Studio 2012
Project("{FAE04EC0-301F-11D3-BF4B-00C04F79EFBC}") = "Simpe_Endless_Runner", "Simpe_Endless_Runner.csproj", "{CC9C827A-357F-4953-8331-1CE8ED7BA102}"
EndProject
Global
	GlobalSection(SolutionConfigurationPlatforms) = preSolution
	Debug|Any CPU = Debug|Any CPU
	ExportDebug|Any CPU = ExportDebug|Any CPU
	ExportRelease|Any CPU = ExportRelease|Any CPU
	EndGlobalSection
	GlobalSection(ProjectConfigurationPlatforms) = postSolution
		{CC9C827A-357F-4953-8331-1CE8ED7BA102}.Debug|Any CPU.ActiveCfg = Debug|Any CPU
		{CC9C827A-357F-4953-8331-1CE8ED7BA102}.Debug|Any CPU.Build.0 = Debug|Any CPU
		{CC9C827A-357F-4953-8331-1CE8ED7BA102}.ExportDebug|Any CPU.ActiveCfg = ExportDebug|Any CPU
		{CC9C827A-357F-4953-8331-1CE8ED7BA102}.ExportDebug|Any CPU.Build.0 = ExportDebug|Any CPU
		{CC9C827A-357F-4953-8331-1CE8ED7BA102}.ExportRelease|Any CPU.ActiveCfg = ExportRelease|Any CPU
		{CC9C827A-357F-4953-8331-1CE8ED7BA102}.ExportRelease|Any CPU.Build.0 = ExportRelease|Any CPU
	EndGlobalSection
EndGlobal
